// !$*UTF8*$!
{
	archiveVersion = 1;
	classes = {
	};
	objectVersion = 46;
	objects = {

/* Begin PBXBuildFile section */
		659CC57D1B6EF2AB00D894E8 /* AppDelegate.m in Sources */ = {isa = PBXBuildFile; fileRef = 659CC57C1B6EF2AB00D894E8 /* AppDelegate.m */; };
		659CC57F1B6EF2AB00D894E8 /* main.m in Sources */ = {isa = PBXBuildFile; fileRef = 659CC57E1B6EF2AB00D894E8 /* main.m */; };
		659CC5821B6EF2AB00D894E8 /* ViewController.m in Sources */ = {isa = PBXBuildFile; fileRef = 659CC5811B6EF2AB00D894E8 /* ViewController.m */; };
		659CC5841B6EF2AB00D894E8 /* Images.xcassets in Resources */ = {isa = PBXBuildFile; fileRef = 659CC5831B6EF2AB00D894E8 /* Images.xcassets */; };
		659CC5871B6EF2AB00D894E8 /* Main.storyboard in Resources */ = {isa = PBXBuildFile; fileRef = 659CC5851B6EF2AB00D894E8 /* Main.storyboard */; };
		659CC5931B6EF2AB00D894E8 /* MacRoadieTests.m in Sources */ = {isa = PBXBuildFile; fileRef = 659CC5921B6EF2AB00D894E8 /* MacRoadieTests.m */; };
		659CC59E1B6EF2CB00D894E8 /* MIDIFilePlayer.m in Sources */ = {isa = PBXBuildFile; fileRef = 659CC59D1B6EF2CB00D894E8 /* MIDIFilePlayer.m */; };
		659CC5A01B6EF37B00D894E8 /* CoreMIDI.framework in Frameworks */ = {isa = PBXBuildFile; fileRef = 659CC59F1B6EF37B00D894E8 /* CoreMIDI.framework */; };
		659CC5A21B6EF38600D894E8 /* AudioToolbox.framework in Frameworks */ = {isa = PBXBuildFile; fileRef = 659CC5A11B6EF38600D894E8 /* AudioToolbox.framework */; };
		659CC5D91B6F325D00D894E8 /* Blessed Assurance (Axe PCs).mid in Resources */ = {isa = PBXBuildFile; fileRef = 659CC5D81B6F325D00D894E8 /* Blessed Assurance (Axe PCs).mid */; };
		659CC5DC1B6F391E00D894E8 /* MIDIDeviceScanner.m in Sources */ = {isa = PBXBuildFile; fileRef = 659CC5DB1B6F391E00D894E8 /* MIDIDeviceScanner.m */; };
		659CC5DE1B6F3EDC00D894E8 /* Blessed Assurance (Performance Track).m4a in Resources */ = {isa = PBXBuildFile; fileRef = 659CC5DD1B6F3DCF00D894E8 /* Blessed Assurance (Performance Track).m4a */; };
/* End PBXBuildFile section */

/* Begin PBXContainerItemProxy section */
		659CC58D1B6EF2AB00D894E8 /* PBXContainerItemProxy */ = {
			isa = PBXContainerItemProxy;
			containerPortal = 659CC56E1B6EF2AB00D894E8 /* Project object */;
			proxyType = 1;
			remoteGlobalIDString = 659CC5751B6EF2AB00D894E8;
			remoteInfo = MacRoadie;
		};
/* End PBXContainerItemProxy section */

/* Begin PBXFileReference section */
		659CC5761B6EF2AB00D894E8 /* MacRoadie.app */ = {isa = PBXFileReference; explicitFileType = wrapper.application; includeInIndex = 0; path = MacRoadie.app; sourceTree = BUILT_PRODUCTS_DIR; };
		659CC57A1B6EF2AB00D894E8 /* Info.plist */ = {isa = PBXFileReference; lastKnownFileType = text.plist.xml; path = Info.plist; sourceTree = "<group>"; };
		659CC57B1B6EF2AB00D894E8 /* AppDelegate.h */ = {isa = PBXFileReference; lastKnownFileType = sourcecode.c.h; path = AppDelegate.h; sourceTree = "<group>"; };
		659CC57C1B6EF2AB00D894E8 /* AppDelegate.m */ = {isa = PBXFileReference; lastKnownFileType = sourcecode.c.objc; path = AppDelegate.m; sourceTree = "<group>"; };
		659CC57E1B6EF2AB00D894E8 /* main.m */ = {isa = PBXFileReference; lastKnownFileType = sourcecode.c.objc; path = main.m; sourceTree = "<group>"; };
		659CC5801B6EF2AB00D894E8 /* ViewController.h */ = {isa = PBXFileReference; lastKnownFileType = sourcecode.c.h; path = ViewController.h; sourceTree = "<group>"; };
		659CC5811B6EF2AB00D894E8 /* ViewController.m */ = {isa = PBXFileReference; lastKnownFileType = sourcecode.c.objc; path = ViewController.m; sourceTree = "<group>"; };
		659CC5831B6EF2AB00D894E8 /* Images.xcassets */ = {isa = PBXFileReference; lastKnownFileType = folder.assetcatalog; path = Images.xcassets; sourceTree = "<group>"; };
		659CC5861B6EF2AB00D894E8 /* Base */ = {isa = PBXFileReference; lastKnownFileType = file.storyboard; name = Base; path = Base.lproj/Main.storyboard; sourceTree = "<group>"; };
		659CC58C1B6EF2AB00D894E8 /* MacRoadieTests.xctest */ = {isa = PBXFileReference; explicitFileType = wrapper.cfbundle; includeInIndex = 0; path = MacRoadieTests.xctest; sourceTree = BUILT_PRODUCTS_DIR; };
		659CC5911B6EF2AB00D894E8 /* Info.plist */ = {isa = PBXFileReference; lastKnownFileType = text.plist.xml; path = Info.plist; sourceTree = "<group>"; };
		659CC5921B6EF2AB00D894E8 /* MacRoadieTests.m */ = {isa = PBXFileReference; lastKnownFileType = sourcecode.c.objc; path = MacRoadieTests.m; sourceTree = "<group>"; };
		659CC59C1B6EF2CB00D894E8 /* MIDIFilePlayer.h */ = {isa = PBXFileReference; fileEncoding = 4; lastKnownFileType = sourcecode.c.h; path = MIDIFilePlayer.h; sourceTree = "<group>"; };
		659CC59D1B6EF2CB00D894E8 /* MIDIFilePlayer.m */ = {isa = PBXFileReference; fileEncoding = 4; lastKnownFileType = sourcecode.c.objc; path = MIDIFilePlayer.m; sourceTree = "<group>"; };
		659CC59F1B6EF37B00D894E8 /* CoreMIDI.framework */ = {isa = PBXFileReference; lastKnownFileType = wrapper.framework; name = CoreMIDI.framework; path = System/Library/Frameworks/CoreMIDI.framework; sourceTree = SDKROOT; };
		659CC5A11B6EF38600D894E8 /* AudioToolbox.framework */ = {isa = PBXFileReference; lastKnownFileType = wrapper.framework; name = AudioToolbox.framework; path = System/Library/Frameworks/AudioToolbox.framework; sourceTree = SDKROOT; };
		659CC5D81B6F325D00D894E8 /* Blessed Assurance (Axe PCs).mid */ = {isa = PBXFileReference; lastKnownFileType = audio.midi; path = "Blessed Assurance (Axe PCs).mid"; sourceTree = "<group>"; };
		659CC5DA1B6F391E00D894E8 /* MIDIDeviceScanner.h */ = {isa = PBXFileReference; fileEncoding = 4; lastKnownFileType = sourcecode.c.h; path = MIDIDeviceScanner.h; sourceTree = "<group>"; };
		659CC5DB1B6F391E00D894E8 /* MIDIDeviceScanner.m */ = {isa = PBXFileReference; fileEncoding = 4; lastKnownFileType = sourcecode.c.objc; path = MIDIDeviceScanner.m; sourceTree = "<group>"; };
		659CC5DD1B6F3DCF00D894E8 /* Blessed Assurance (Performance Track).m4a */ = {isa = PBXFileReference; lastKnownFileType = file; path = "Blessed Assurance (Performance Track).m4a"; sourceTree = "<group>"; };
/* End PBXFileReference section */

/* Begin PBXFrameworksBuildPhase section */
		659CC5731B6EF2AB00D894E8 /* Frameworks */ = {
			isa = PBXFrameworksBuildPhase;
			buildActionMask = 2147483647;
			files = (
				659CC5A21B6EF38600D894E8 /* AudioToolbox.framework in Frameworks */,
				659CC5A01B6EF37B00D894E8 /* CoreMIDI.framework in Frameworks */,
			);
			runOnlyForDeploymentPostprocessing = 0;
		};
		659CC5891B6EF2AB00D894E8 /* Frameworks */ = {
			isa = PBXFrameworksBuildPhase;
			buildActionMask = 2147483647;
			files = (
			);
			runOnlyForDeploymentPostprocessing = 0;
		};
/* End PBXFrameworksBuildPhase section */

/* Begin PBXGroup section */
		659CC56D1B6EF2AB00D894E8 = {
			isa = PBXGroup;
			children = (
				659CC5A11B6EF38600D894E8 /* AudioToolbox.framework */,
				659CC59F1B6EF37B00D894E8 /* CoreMIDI.framework */,
				659CC5781B6EF2AB00D894E8 /* MacRoadie */,
				659CC58F1B6EF2AB00D894E8 /* MacRoadieTests */,
				659CC5771B6EF2AB00D894E8 /* Products */,
			);
			sourceTree = "<group>";
		};
		659CC5771B6EF2AB00D894E8 /* Products */ = {
			isa = PBXGroup;
			children = (
				659CC5761B6EF2AB00D894E8 /* MacRoadie.app */,
				659CC58C1B6EF2AB00D894E8 /* MacRoadieTests.xctest */,
			);
			name = Products;
			sourceTree = "<group>";
		};
		659CC5781B6EF2AB00D894E8 /* MacRoadie */ = {
			isa = PBXGroup;
			children = (
				659CC57B1B6EF2AB00D894E8 /* AppDelegate.h */,
				659CC57C1B6EF2AB00D894E8 /* AppDelegate.m */,
				659CC5801B6EF2AB00D894E8 /* ViewController.h */,
				659CC5811B6EF2AB00D894E8 /* ViewController.m */,
				659CC5831B6EF2AB00D894E8 /* Images.xcassets */,
				659CC5851B6EF2AB00D894E8 /* Main.storyboard */,
				659CC5791B6EF2AB00D894E8 /* Supporting Files */,
				659CC59C1B6EF2CB00D894E8 /* MIDIFilePlayer.h */,
				659CC59D1B6EF2CB00D894E8 /* MIDIFilePlayer.m */,
				659CC5D81B6F325D00D894E8 /* Blessed Assurance (Axe PCs).mid */,
				659CC5DD1B6F3DCF00D894E8 /* Blessed Assurance (Performance Track).m4a */,
				659CC5DA1B6F391E00D894E8 /* MIDIDeviceScanner.h */,
				659CC5DB1B6F391E00D894E8 /* MIDIDeviceScanner.m */,
			);
			path = MacRoadie;
			sourceTree = "<group>";
		};
		659CC5791B6EF2AB00D894E8 /* Supporting Files */ = {
			isa = PBXGroup;
			children = (
				659CC57A1B6EF2AB00D894E8 /* Info.plist */,
				659CC57E1B6EF2AB00D894E8 /* main.m */,
			);
			name = "Supporting Files";
			sourceTree = "<group>";
		};
		659CC58F1B6EF2AB00D894E8 /* MacRoadieTests */ = {
			isa = PBXGroup;
			children = (
				659CC5921B6EF2AB00D894E8 /* MacRoadieTests.m */,
				659CC5901B6EF2AB00D894E8 /* Supporting Files */,
			);
			path = MacRoadieTests;
			sourceTree = "<group>";
		};
		659CC5901B6EF2AB00D894E8 /* Supporting Files */ = {
			isa = PBXGroup;
			children = (
				659CC5911B6EF2AB00D894E8 /* Info.plist */,
			);
			name = "Supporting Files";
			sourceTree = "<group>";
		};
/* End PBXGroup section */

/* Begin PBXNativeTarget section */
		659CC5751B6EF2AB00D894E8 /* MacRoadie */ = {
			isa = PBXNativeTarget;
			buildConfigurationList = 659CC5961B6EF2AB00D894E8 /* Build configuration list for PBXNativeTarget "MacRoadie" */;
			buildPhases = (
				659CC5721B6EF2AB00D894E8 /* Sources */,
				659CC5731B6EF2AB00D894E8 /* Frameworks */,
				659CC5741B6EF2AB00D894E8 /* Resources */,
			);
			buildRules = (
			);
			dependencies = (
			);
			name = MacRoadie;
			productName = MacRoadie;
			productReference = 659CC5761B6EF2AB00D894E8 /* MacRoadie.app */;
			productType = "com.apple.product-type.application";
		};
		659CC58B1B6EF2AB00D894E8 /* MacRoadieTests */ = {
			isa = PBXNativeTarget;
			buildConfigurationList = 659CC5991B6EF2AB00D894E8 /* Build configuration list for PBXNativeTarget "MacRoadieTests" */;
			buildPhases = (
				659CC5881B6EF2AB00D894E8 /* Sources */,
				659CC5891B6EF2AB00D894E8 /* Frameworks */,
				659CC58A1B6EF2AB00D894E8 /* Resources */,
			);
			buildRules = (
			);
			dependencies = (
				659CC58E1B6EF2AB00D894E8 /* PBXTargetDependency */,
			);
			name = MacRoadieTests;
			productName = MacRoadieTests;
			productReference = 659CC58C1B6EF2AB00D894E8 /* MacRoadieTests.xctest */;
			productType = "com.apple.product-type.bundle.unit-test";
		};
/* End PBXNativeTarget section */

/* Begin PBXProject section */
		659CC56E1B6EF2AB00D894E8 /* Project object */ = {
			isa = PBXProject;
			attributes = {
				LastUpgradeCheck = 0640;
				ORGANIZATIONNAME = Motingo;
				TargetAttributes = {
					659CC5751B6EF2AB00D894E8 = {
						CreatedOnToolsVersion = 6.4;
					};
					659CC58B1B6EF2AB00D894E8 = {
						CreatedOnToolsVersion = 6.4;
						TestTargetID = 659CC5751B6EF2AB00D894E8;
					};
				};
			};
			buildConfigurationList = 659CC5711B6EF2AB00D894E8 /* Build configuration list for PBXProject "MacRoadie" */;
			compatibilityVersion = "Xcode 3.2";
			developmentRegion = English;
			hasScannedForEncodings = 0;
			knownRegions = (
				en,
				Base,
			);
			mainGroup = 659CC56D1B6EF2AB00D894E8;
			productRefGroup = 659CC5771B6EF2AB00D894E8 /* Products */;
			projectDirPath = "";
			projectRoot = "";
			targets = (
				659CC5751B6EF2AB00D894E8 /* MacRoadie */,
				659CC58B1B6EF2AB00D894E8 /* MacRoadieTests */,
			);
		};
/* End PBXProject section */

/* Begin PBXResourcesBuildPhase section */
		659CC5741B6EF2AB00D894E8 /* Resources */ = {
			isa = PBXResourcesBuildPhase;
			buildActionMask = 2147483647;
			files = (
				659CC5DE1B6F3EDC00D894E8 /* Blessed Assurance (Performance Track).m4a in Resources */,
				659CC5841B6EF2AB00D894E8 /* Images.xcassets in Resources */,
				659CC5871B6EF2AB00D894E8 /* Main.storyboard in Resources */,
				659CC5D91B6F325D00D894E8 /* Blessed Assurance (Axe PCs).mid in Resources */,
			);
			runOnlyForDeploymentPostprocessing = 0;
		};
		659CC58A1B6EF2AB00D894E8 /* Resources */ = {
			isa = PBXResourcesBuildPhase;
			buildActionMask = 2147483647;
			files = (
			);
			runOnlyForDeploymentPostprocessing = 0;
		};
/* End PBXResourcesBuildPhase section */

/* Begin PBXSourcesBuildPhase section */
		659CC5721B6EF2AB00D894E8 /* Sources */ = {
			isa = PBXSourcesBuildPhase;
			buildActionMask = 2147483647;
			files = (
				659CC5DC1B6F391E00D894E8 /* MIDIDeviceScanner.m in Sources */,
				659CC5821B6EF2AB00D894E8 /* ViewController.m in Sources */,
				659CC57F1B6EF2AB00D894E8 /* main.m in Sources */,
				659CC57D1B6EF2AB00D894E8 /* AppDelegate.m in Sources */,
				659CC59E1B6EF2CB00D894E8 /* MIDIFilePlayer.m in Sources */,
			);
			runOnlyForDeploymentPostprocessing = 0;
		};
		659CC5881B6EF2AB00D894E8 /* Sources */ = {
			isa = PBXSourcesBuildPhase;
			buildActionMask = 2147483647;
			files = (
				659CC5931B6EF2AB00D894E8 /* MacRoadieTests.m in Sources */,
			);
			runOnlyForDeploymentPostprocessing = 0;
		};
/* End PBXSourcesBuildPhase section */

/* Begin PBXTargetDependency section */
		659CC58E1B6EF2AB00D894E8 /* PBXTargetDependency */ = {
			isa = PBXTargetDependency;
			target = 659CC5751B6EF2AB00D894E8 /* MacRoadie */;
			targetProxy = 659CC58D1B6EF2AB00D894E8 /* PBXContainerItemProxy */;
		};
/* End PBXTargetDependency section */

/* Begin PBXVariantGroup section */
		659CC5851B6EF2AB00D894E8 /* Main.storyboard */ = {
			isa = PBXVariantGroup;
			children = (
				659CC5861B6EF2AB00D894E8 /* Base */,
			);
			name = Main.storyboard;
			sourceTree = "<group>";
		};
/* End PBXVariantGroup section */

/* Begin XCBuildConfiguration section */
		659CC5941B6EF2AB00D894E8 /* Debug */ = {
			isa = XCBuildConfiguration;
			buildSettings = {
				ALWAYS_SEARCH_USER_PATHS = NO;
				CLANG_CXX_LANGUAGE_STANDARD = "gnu++0x";
				CLANG_CXX_LIBRARY = "libc++";
				CLANG_ENABLE_MODULES = YES;
				CLANG_ENABLE_OBJC_ARC = YES;
				CLANG_WARN_BOOL_CONVERSION = YES;
				CLANG_WARN_CONSTANT_CONVERSION = YES;
				CLANG_WARN_DIRECT_OBJC_ISA_USAGE = YES_ERROR;
				CLANG_WARN_EMPTY_BODY = YES;
				CLANG_WARN_ENUM_CONVERSION = YES;
				CLANG_WARN_INT_CONVERSION = YES;
				CLANG_WARN_OBJC_ROOT_CLASS = YES_ERROR;
				CLANG_WARN_UNREACHABLE_CODE = YES;
				CLANG_WARN__DUPLICATE_METHOD_MATCH = YES;
				CODE_SIGN_IDENTITY = "-";
				COPY_PHASE_STRIP = NO;
				DEBUG_INFORMATION_FORMAT = dwarf;
				ENABLE_STRICT_OBJC_MSGSEND = YES;
				GCC_C_LANGUAGE_STANDARD = gnu99;
				GCC_DYNAMIC_NO_PIC = NO;
				GCC_NO_COMMON_BLOCKS = YES;
				GCC_OPTIMIZATION_LEVEL = 0;
				GCC_PREPROCESSOR_DEFINITIONS = (
					"DEBUG=1",
					"$(inherited)",
				);
				GCC_SYMBOLS_PRIVATE_EXTERN = NO;
				GCC_WARN_64_TO_32_BIT_CONVERSION = YES;
				GCC_WARN_ABOUT_RETURN_TYPE = YES_ERROR;
				GCC_WARN_UNDECLARED_SELECTOR = YES;
				GCC_WARN_UNINITIALIZED_AUTOS = YES_AGGRESSIVE;
				GCC_WARN_UNUSED_FUNCTION = YES;
				GCC_WARN_UNUSED_VARIABLE = YES;
				MACOSX_DEPLOYMENT_TARGET = 10.10;
				MTL_ENABLE_DEBUG_INFO = YES;
				ONLY_ACTIVE_ARCH = YES;
				SDKROOT = macosx;
			};
			name = Debug;
		};
		659CC5951B6EF2AB00D894E8 /* Release */ = {
			isa = XCBuildConfiguration;
			buildSettings = {
				ALWAYS_SEARCH_USER_PATHS = NO;
				CLANG_CXX_LANGUAGE_STANDARD = "gnu++0x";
				CLANG_CXX_LIBRARY = "libc++";
				CLANG_ENABLE_MODULES = YES;
				CLANG_ENABLE_OBJC_ARC = YES;
				CLANG_WARN_BOOL_CONVERSION = YES;
				CLANG_WARN_CONSTANT_CONVERSION = YES;
				CLANG_WARN_DIRECT_OBJC_ISA_USAGE = YES_ERROR;
				CLANG_WARN_EMPTY_BODY = YES;
				CLANG_WARN_ENUM_CONVERSION = YES;
				CLANG_WARN_INT_CONVERSION = YES;
				CLANG_WARN_OBJC_ROOT_CLASS = YES_ERROR;
				CLANG_WARN_UNREACHABLE_CODE = YES;
				CLANG_WARN__DUPLICATE_METHOD_MATCH = YES;
				CODE_SIGN_IDENTITY = "-";
				COPY_PHASE_STRIP = NO;
				DEBUG_INFORMATION_FORMAT = "dwarf-with-dsym";
				ENABLE_NS_ASSERTIONS = NO;
				ENABLE_STRICT_OBJC_MSGSEND = YES;
				GCC_C_LANGUAGE_STANDARD = gnu99;
				GCC_NO_COMMON_BLOCKS = YES;
				GCC_WARN_64_TO_32_BIT_CONVERSION = YES;
				GCC_WARN_ABOUT_RETURN_TYPE = YES_ERROR;
				GCC_WARN_UNDECLARED_SELECTOR = YES;
				GCC_WARN_UNINITIALIZED_AUTOS = YES_AGGRESSIVE;
				GCC_WARN_UNUSED_FUNCTION = YES;
				GCC_WARN_UNUSED_VARIABLE = YES;
				MACOSX_DEPLOYMENT_TARGET = 10.10;
				MTL_ENABLE_DEBUG_INFO = NO;
				SDKROOT = macosx;
			};
			name = Release;
		};
		659CC5971B6EF2AB00D894E8 /* Debug */ = {
			isa = XCBuildConfiguration;
			buildSettings = {
				ASSETCATALOG_COMPILER_APPICON_NAME = AppIcon;
				COMBINE_HIDPI_IMAGES = YES;
				INFOPLIST_FILE = MacRoadie/Info.plist;
				LD_RUNPATH_SEARCH_PATHS = "$(inherited) @executable_path/../Frameworks";
				PRODUCT_NAME = "$(TARGET_NAME)";
			};
			name = Debug;
		};
		659CC5981B6EF2AB00D894E8 /* Release */ = {
			isa = XCBuildConfiguration;
			buildSettings = {
				ASSETCATALOG_COMPILER_APPICON_NAME = AppIcon;
				COMBINE_HIDPI_IMAGES = YES;
				INFOPLIST_FILE = MacRoadie/Info.plist;
				LD_RUNPATH_SEARCH_PATHS = "$(inherited) @executable_path/../Frameworks";
				PRODUCT_NAME = "$(TARGET_NAME)";
			};
			name = Release;
		};
		659CC59A1B6EF2AB00D894E8 /* Debug */ = {
			isa = XCBuildConfiguration;
			buildSettings = {
				BUNDLE_LOADER = "$(TEST_HOST)";
				COMBINE_HIDPI_IMAGES = YES;
				FRAMEWORK_SEARCH_PATHS = (
					"$(DEVELOPER_FRAMEWORKS_DIR)",
					"$(inherited)",
				);
				GCC_PREPROCESSOR_DEFINITIONS = (
					"DEBUG=1",
					"$(inherited)",
				);
				INFOPLIST_FILE = MacRoadieTests/Info.plist;
				LD_RUNPATH_SEARCH_PATHS = "$(inherited) @executable_path/../Frameworks @loader_path/../Frameworks";
				PRODUCT_NAME = "$(TARGET_NAME)";
				TEST_HOST = "$(BUILT_PRODUCTS_DIR)/MacRoadie.app/Contents/MacOS/MacRoadie";
			};
			name = Debug;
		};
		659CC59B1B6EF2AB00D894E8 /* Release */ = {
			isa = XCBuildConfiguration;
			buildSettings = {
				BUNDLE_LOADER = "$(TEST_HOST)";
				COMBINE_HIDPI_IMAGES = YES;
				FRAMEWORK_SEARCH_PATHS = (
					"$(DEVELOPER_FRAMEWORKS_DIR)",
					"$(inherited)",
				);
				INFOPLIST_FILE = MacRoadieTests/Info.plist;
				LD_RUNPATH_SEARCH_PATHS = "$(inherited) @executable_path/../Frameworks @loader_path/../Frameworks";
				PRODUCT_NAME = "$(TARGET_NAME)";
				TEST_HOST = "$(BUILT_PRODUCTS_DIR)/MacRoadie.app/Contents/MacOS/MacRoadie";
			};
			name = Release;
		};
/* End XCBuildConfiguration section */

/* Begin XCConfigurationList section */
		659CC5711B6EF2AB00D894E8 /* Build configuration list for PBXProject "MacRoadie" */ = {
			isa = XCConfigurationList;
			buildConfigurations = (
				659CC5941B6EF2AB00D894E8 /* Debug */,
				659CC5951B6EF2AB00D894E8 /* Release */,
			);
			defaultConfigurationIsVisible = 0;
			defaultConfigurationName = Release;
		};
		659CC5961B6EF2AB00D894E8 /* Build configuration list for PBXNativeTarget "MacRoadie" */ = {
			isa = XCConfigurationList;
			buildConfigurations = (
				659CC5971B6EF2AB00D894E8 /* Debug */,
				659CC5981B6EF2AB00D894E8 /* Release */,
			);
			defaultConfigurationIsVisible = 0;
			defaultConfigurationName = Release;
		};
		659CC5991B6EF2AB00D894E8 /* Build configuration list for PBXNativeTarget "MacRoadieTests" */ = {
			isa = XCConfigurationList;
			buildConfigurations = (
				659CC59A1B6EF2AB00D894E8 /* Debug */,
				659CC59B1B6EF2AB00D894E8 /* Release */,
			);
			defaultConfigurationIsVisible = 0;
			defaultConfigurationName = Release;
		};
/* End XCConfigurationList section */
	};
	rootObject = 659CC56E1B6EF2AB00D894E8 /* Project object */;
}
